<?xml version="1.0" encoding="utf-8"?>
<Project ToolsVersion="4.0" xmlns="http://schemas.microsoft.com/developer/msbuild/2003">
  <ItemGroup>
    <Filter Include="源文件">
      <UniqueIdentifier>{4FC737F1-C7A5-4376-A066-2A32D752A2FF}</UniqueIdentifier>
      <Extensions>cpp;c;cc;cxx;def;odl;idl;hpj;bat;asm;asmx</Extensions>
    </Filter>
    <Filter Include="头文件">
      <UniqueIdentifier>{93995380-89BD-4b04-88EB-625FBE52EBFB}</UniqueIdentifier>
      <Extensions>h;hpp;hxx;hm;inl;inc;xsd</Extensions>
    </Filter>
    <Filter Include="资源文件">
      <UniqueIdentifier>{67DA6AB6-F800-4c08-8B7A-83BB121AAD01}</UniqueIdentifier>
      <Extensions>rc;ico;cur;bmp;dlg;rc2;rct;bin;rgs;gif;jpg;jpeg;jpe;resx;tiff;tif;png;wav;mfcribbon-ms</Extensions>
    </Filter>
  </ItemGroup>
  <ItemGroup>
    <None Include="ReadMe.txt" />
    <None Include="small.ico">
      <Filter>资源文件</Filter>
    </None>
    <None Include="scales.ico">
      <Filter>资源文件</Filter>
    </None>
    <None Include="icon\dialog_bk.png">
      <Filter>资源文件</Filter>
    </None>
    <None Include="icon\main_bk.png">
      <Filter>资源文件</Filter>
    </None>
    <None Include="icon\menu_bk.png">
      <Filter>资源文件</Filter>
    </None>
    <None Include="icon\menu_item_hot.png">
      <Filter>资源文件</Filter>
    </None>
    <None Include="icon\scrollbar_v.png">
      <Filter>资源文件</Filter>
    </None>
    <None Include="icon\combo_bk.png">
      <Filter>资源文件</Filter>
    </None>
    <None Include="icon\button_bk.png">
      <Filter>资源文件</Filter>
    </None>
    <None Include="icon\button_bk_green.png">
      <Filter>资源文件</Filter>
    </None>
    <None Include="icon\button_bk_icon.png">
      <Filter>资源文件</Filter>
    </None>
    <None Include="icon\button_cancel_bk.png">
      <Filter>资源文件</Filter>
    </None>
    <None Include="icon\button_close.png">
      <Filter>资源文件</Filter>
    </None>
    <None Include="icon\button_minbox.png">
      <Filter>资源文件</Filter>
    </None>
    <None Include="icon\main_option_bk.png">
      <Filter>资源文件</Filter>
    </None>
    <None Include="icon\edit_rim.png">
      <Filter>资源文件</Filter>
    </None>
  </ItemGroup>
  <ItemGroup>
    <ClInclude Include="stdafx.h">
      <Filter>头文件</Filter>
    </ClInclude>
    <ClInclude Include="targetver.h">
      <Filter>头文件</Filter>
    </ClInclude>
    <ClInclude Include="Resource.h">
      <Filter>头文件</Filter>
    </ClInclude>
    <ClInclude Include="scales.h">
      <Filter>头文件</Filter>
    </ClInclude>
    <ClInclude Include="mainDialog.h">
      <Filter>头文件</Filter>
    </ClInclude>
    <ClInclude Include="viewScales.h">
      <Filter>头文件</Filter>
    </ClInclude>
    <ClInclude Include="viewMaterials.h">
      <Filter>头文件</Filter>
    </ClInclude>
    <ClInclude Include="scalesInfo.h">
      <Filter>头文件</Filter>
    </ClInclude>
    <ClInclude Include="..\..\NTools\AC\base64.h">
      <Filter>头文件</Filter>
    </ClInclude>
    <ClInclude Include="..\..\NTools\AC\basedef.h">
      <Filter>头文件</Filter>
    </ClInclude>
    <ClInclude Include="..\..\NTools\AC\baseEnum.h">
      <Filter>头文件</Filter>
    </ClInclude>
    <ClInclude Include="..\..\NTools\AC\baseException.h">
      <Filter>头文件</Filter>
    </ClInclude>
    <ClInclude Include="..\..\NTools\AC\baseobj.h">
      <Filter>头文件</Filter>
    </ClInclude>
    <ClInclude Include="..\..\NTools\AC\basetype.h">
      <Filter>头文件</Filter>
    </ClInclude>
    <ClInclude Include="..\..\NTools\AC\converter.h">
      <Filter>头文件</Filter>
    </ClInclude>
    <ClInclude Include="..\..\NTools\AC\datetime.h">
      <Filter>头文件</Filter>
    </ClInclude>
    <ClInclude Include="..\..\NTools\AC\debugger.h">
      <Filter>头文件</Filter>
    </ClInclude>
    <ClInclude Include="..\..\NTools\AC\drawdef.h">
      <Filter>头文件</Filter>
    </ClInclude>
    <ClInclude Include="..\..\NTools\AC\draw\drawer.h">
      <Filter>头文件</Filter>
    </ClInclude>
    <ClInclude Include="..\..\NTools\AC\image.h">
      <Filter>头文件</Filter>
    </ClInclude>
    <ClInclude Include="..\..\NTools\AC\resourceManager.h">
      <Filter>头文件</Filter>
    </ClInclude>
    <ClInclude Include="..\..\NTools\AC\singleton.h">
      <Filter>头文件</Filter>
    </ClInclude>
    <ClInclude Include="..\..\NTools\AC\stringUtil.h">
      <Filter>头文件</Filter>
    </ClInclude>
    <ClInclude Include="..\..\NTools\AC\SyncObject.h">
      <Filter>头文件</Filter>
    </ClInclude>
    <ClInclude Include="..\..\NTools\AC\sysupport.h">
      <Filter>头文件</Filter>
    </ClInclude>
    <ClInclude Include="..\..\NTools\db\dbtype.h">
      <Filter>头文件</Filter>
    </ClInclude>
    <ClInclude Include="..\..\NTools\db\sqlite\sqlite.h">
      <Filter>头文件</Filter>
    </ClInclude>
    <ClInclude Include="..\..\NTools\device\devdef.h">
      <Filter>头文件</Filter>
    </ClInclude>
    <ClInclude Include="..\..\NTools\device\device.h">
      <Filter>头文件</Filter>
    </ClInclude>
    <ClInclude Include="..\..\NTools\device\devinc.h">
      <Filter>头文件</Filter>
    </ClInclude>
    <ClInclude Include="..\..\NTools\device\port.h">
      <Filter>头文件</Filter>
    </ClInclude>
    <ClInclude Include="..\..\NTools\UC\dialogWnd.h">
      <Filter>头文件</Filter>
    </ClInclude>
    <ClInclude Include="..\..\NTools\UC\drawManager.h">
      <Filter>头文件</Filter>
    </ClInclude>
    <ClInclude Include="..\..\NTools\UC\windowWnd.h">
      <Filter>头文件</Filter>
    </ClInclude>
    <ClInclude Include="..\..\NTools\UC\wucBase.h">
      <Filter>头文件</Filter>
    </ClInclude>
    <ClInclude Include="..\..\NTools\UC\wucCombo.h">
      <Filter>头文件</Filter>
    </ClInclude>
    <ClInclude Include="..\..\NTools\UC\wucContainer.h">
      <Filter>头文件</Filter>
    </ClInclude>
    <ClInclude Include="..\..\NTools\UC\wucControl.h">
      <Filter>头文件</Filter>
    </ClInclude>
    <ClInclude Include="..\..\NTools\UC\wucdef.h">
      <Filter>头文件</Filter>
    </ClInclude>
    <ClInclude Include="..\..\NTools\UC\wucinc.h">
      <Filter>头文件</Filter>
    </ClInclude>
    <ClInclude Include="..\..\NTools\UC\wucList.h">
      <Filter>头文件</Filter>
    </ClInclude>
    <ClInclude Include="..\..\NTools\UC\wucMenu.h">
      <Filter>头文件</Filter>
    </ClInclude>
    <ClInclude Include="..\..\NTools\UC\wucWnd.h">
      <Filter>头文件</Filter>
    </ClInclude>
    <ClInclude Include="..\base\scalestype.h">
      <Filter>头文件</Filter>
    </ClInclude>
    <ClInclude Include="..\..\sdk\libmodbus\modbus.h">
      <Filter>头文件</Filter>
    </ClInclude>
    <ClInclude Include="..\..\sdk\libmodbus\modbus-private.h">
      <Filter>头文件</Filter>
    </ClInclude>
    <ClInclude Include="..\..\sdk\libmodbus\modbus-rtu-private.h">
      <Filter>头文件</Filter>
    </ClInclude>
    <ClInclude Include="..\..\sdk\libmodbus\modbus-rtu.h">
      <Filter>头文件</Filter>
    </ClInclude>
  </ItemGroup>
  <ItemGroup>
    <ClCompile Include="stdafx.cpp">
      <Filter>源文件</Filter>
    </ClCompile>
    <ClCompile Include="scales.cpp">
      <Filter>源文件</Filter>
    </ClCompile>
    <ClCompile Include="mainDialog.cpp">
      <Filter>源文件</Filter>
    </ClCompile>
    <ClCompile Include="viewScales.cpp">
      <Filter>源文件</Filter>
    </ClCompile>
    <ClCompile Include="viewMaterials.cpp">
      <Filter>源文件</Filter>
    </ClCompile>
    <ClCompile Include="scalesInfo.cpp">
      <Filter>源文件</Filter>
    </ClCompile>
    <ClCompile Include="..\..\NTools\AC\base64.cpp">
      <Filter>源文件</Filter>
    </ClCompile>
    <ClCompile Include="..\..\NTools\AC\baseException.cpp">
      <Filter>源文件</Filter>
    </ClCompile>
    <ClCompile Include="..\..\NTools\AC\basetype.cpp">
      <Filter>源文件</Filter>
    </ClCompile>
    <ClCompile Include="..\..\NTools\AC\converter.cpp">
      <Filter>源文件</Filter>
    </ClCompile>
    <ClCompile Include="..\..\NTools\AC\datetime.cpp">
      <Filter>源文件</Filter>
    </ClCompile>
    <ClCompile Include="..\..\NTools\AC\debugger.cpp">
      <Filter>源文件</Filter>
    </ClCompile>
    <ClCompile Include="..\..\NTools\AC\draw\drawer.cpp">
      <Filter>源文件</Filter>
    </ClCompile>
    <ClCompile Include="..\..\NTools\AC\image.cpp">
      <Filter>源文件</Filter>
    </ClCompile>
    <ClCompile Include="..\..\NTools\AC\resourceManager.cpp">
      <Filter>源文件</Filter>
    </ClCompile>
    <ClCompile Include="..\..\NTools\AC\stringUtil.cpp">
      <Filter>源文件</Filter>
    </ClCompile>
    <ClCompile Include="..\..\NTools\AC\SyncObject.cpp">
      <Filter>源文件</Filter>
    </ClCompile>
    <ClCompile Include="..\..\NTools\AC\sysupport.cpp">
      <Filter>源文件</Filter>
    </ClCompile>
    <ClCompile Include="..\..\NTools\db\dbtype.cpp">
      <Filter>源文件</Filter>
    </ClCompile>
    <ClCompile Include="..\..\NTools\db\sqlite\sqlite.cpp">
      <Filter>源文件</Filter>
    </ClCompile>
    <ClCompile Include="..\..\NTools\device\device.cpp">
      <Filter>源文件</Filter>
    </ClCompile>
    <ClCompile Include="..\..\NTools\device\port.cpp">
      <Filter>源文件</Filter>
    </ClCompile>
    <ClCompile Include="..\..\NTools\UC\dialogWnd.cpp">
      <Filter>源文件</Filter>
    </ClCompile>
    <ClCompile Include="..\..\NTools\UC\drawManager.cpp">
      <Filter>源文件</Filter>
    </ClCompile>
    <ClCompile Include="..\..\NTools\UC\windowWnd.cpp">
      <Filter>源文件</Filter>
    </ClCompile>
    <ClCompile Include="..\..\NTools\UC\wucBase.cpp">
      <Filter>源文件</Filter>
    </ClCompile>
    <ClCompile Include="..\..\NTools\UC\wucCombo.cpp">
      <Filter>源文件</Filter>
    </ClCompile>
    <ClCompile Include="..\..\NTools\UC\wucContainer.cpp">
      <Filter>源文件</Filter>
    </ClCompile>
    <ClCompile Include="..\..\NTools\UC\wucControl.cpp">
      <Filter>源文件</Filter>
    </ClCompile>
    <ClCompile Include="..\..\NTools\UC\wucinc.cpp">
      <Filter>源文件</Filter>
    </ClCompile>
    <ClCompile Include="..\..\NTools\UC\wucList.cpp">
      <Filter>源文件</Filter>
    </ClCompile>
    <ClCompile Include="..\..\NTools\UC\wucMenu.cpp">
      <Filter>源文件</Filter>
    </ClCompile>
    <ClCompile Include="..\..\NTools\UC\wucWnd.cpp">
      <Filter>源文件</Filter>
    </ClCompile>
    <ClCompile Include="..\..\sdk\libmodbus\modbus.c">
      <Filter>源文件</Filter>
    </ClCompile>
    <ClCompile Include="..\..\sdk\libmodbus\modbus-data.c">
      <Filter>源文件</Filter>
    </ClCompile>
    <ClCompile Include="..\..\sdk\libmodbus\modbus-rtu.c">
      <Filter>源文件</Filter>
    </ClCompile>
  </ItemGroup>
  <ItemGroup>
    <ResourceCompile Include="scales.rc">
      <Filter>资源文件</Filter>
    </ResourceCompile>
  </ItemGroup>
</Project>